// !$*UTF8*$!
{
	archiveVersion = 1;
	classes = {
	};
	objectVersion = 77;
	objects = {

/* Begin PBXBuildFile section */
		000000000000000000002012 /* Models in Resources */ = {isa = PBXBuildFile; fileRef = 000000000000000000002010 /* Models */; };
		000000000000000000002013 /* Voices in Resources */ = {isa = PBXBuildFile; fileRef = 000000000000000000002011 /* Voices */; };
		000000000000000000002017 /* MLX in Frameworks */ = {isa = PBXBuildFile; productRef = 000000000000000000002015 /* MLX */; };
		000000000000000000002018 /* MLXFast in Frameworks */ = {isa = PBXBuildFile; productRef = 000000000000000000002016 /* MLXFast */; };
/* End PBXBuildFile section */

/* Begin PBXFileReference section */
		000000000000000000002002 /* Narcisse.app */ = {isa = PBXFileReference; explicitFileType = wrapper.application; includeInIndex = 0; path = Narcisse.app; sourceTree = BUILT_PRODUCTS_DIR; };
		000000000000000000002010 /* Models */ = {isa = PBXFileReference; lastKnownFileType = folder; path = Models; sourceTree = "<group>"; };
		000000000000000000002011 /* Voices */ = {isa = PBXFileReference; lastKnownFileType = folder; path = Voices; sourceTree = "<group>"; };
/* End PBXFileReference section */

/* Begin PBXFileSystemSynchronizedRootGroup section */
		00000000000000000000200E /* Huiver */ = {isa = PBXFileSystemSynchronizedRootGroup; explicitFileTypes = {}; explicitFolders = (); path = Huiver; sourceTree = "<group>"; };
		00000000000000000000200F /* HuiverKit */ = {isa = PBXFileSystemSynchronizedRootGroup; explicitFileTypes = {}; explicitFolders = (); path = ../../packages/huiverkit/Sources/HuiverKit; sourceTree = "<group>"; };
/* End PBXFileSystemSynchronizedRootGroup section */

/* Begin PBXFrameworksBuildPhase section */
		000000000000000000002006 = {
			isa = PBXFrameworksBuildPhase;
			buildActionMask = 2147483647;
			files = (
				000000000000000000002017 /* MLX in Frameworks */,
				000000000000000000002018 /* MLXFast in Frameworks */,
			);
			runOnlyForDeploymentPostprocessing = 0;
		};
/* End PBXFrameworksBuildPhase section */

/* Begin PBXGroup section */
		000000000000000000002004 = {
			isa = PBXGroup;
			children = (
				00000000000000000000200E /* Huiver */,
				00000000000000000000200F /* HuiverKit */,
				000000000000000000002010 /* Models */,
				000000000000000000002011 /* Voices */,
				000000000000000000002003 /* Products */,
			);
			sourceTree = "<group>";
		};
		000000000000000000002003 /* Products */ = {
			isa = PBXGroup;
			children = (
				000000000000000000002002 /* Narcisse.app */,
			);
			name = Products;
			sourceTree = "<group>";
		};
/* End PBXGroup section */

/* Begin PBXNativeTarget section */
		000000000000000000002001 /* Huiver */ = {
			isa = PBXNativeTarget;
			buildConfigurationList = 000000000000000000002009;
			buildPhases = (
				000000000000000000002005,
				000000000000000000002006,
				000000000000000000002007,
			);
			buildRules = ();
			dependencies = ();
			fileSystemSynchronizedGroups = (
				00000000000000000000200E /* Huiver */,
				00000000000000000000200F /* HuiverKit */,
			);
			name = Huiver;
			packageProductDependencies = (
				000000000000000000002015 /* MLX */,
				000000000000000000002016 /* MLXFast */,
			);
			productName = Huiver;
			productReference = 000000000000000000002002 /* Narcisse.app */;
			productType = "com.apple.product-type.application";
		};
/* End PBXNativeTarget section */

/* Begin PBXProject section */
		000000000000000000002000 /* Project object */ = {
			isa = PBXProject;
			attributes = {
				BuildIndependentTargetsInParallel = 1;
				LastSwiftUpdateCheck = 2660;
				LastUpgradeCheck = 2660;
				TargetAttributes = {
					000000000000000000002001 = {
						CreatedOnToolsVersion = 26.0;
					};
				};
			};
			buildConfigurationList = 000000000000000000002008;
			developmentRegion = en;
			hasScannedForEncodings = 0;
			knownRegions = (
				en,
				Base,
			);
			mainGroup = 000000000000000000002004;
			minimizedProjectReferenceProxies = 1;
			packageReferences = (
				000000000000000000002014 /* XCRemoteSwiftPackageReference "mlx-swift" */,
			);
			preferredProjectObjectVersion = 77;
			productRefGroup = 000000000000000000002003 /* Products */;
			projectDirPath = "";
			projectRoot = "";
			targets = (
				000000000000000000002001 /* Huiver */,
			);
		};
/* End PBXProject section */

/* Begin PBXResourcesBuildPhase section */
		000000000000000000002007 = {
			isa = PBXResourcesBuildPhase;
			buildActionMask = 2147483647;
			files = (
				000000000000000000002012 /* Models in Resources */,
				000000000000000000002013 /* Voices in Resources */,
			);
			runOnlyForDeploymentPostprocessing = 0;
		};
/* End PBXResourcesBuildPhase section */

/* Begin PBXSourcesBuildPhase section */
		000000000000000000002005 = {isa = PBXSourcesBuildPhase; buildActionMask = 2147483647; files = (); runOnlyForDeploymentPostprocessing = 0; };
/* End PBXSourcesBuildPhase section */

/* Begin XCRemoteSwiftPackageReference section */
		000000000000000000002014 /* XCRemoteSwiftPackageReference "mlx-swift" */ = {
			isa = XCRemoteSwiftPackageReference;
			repositoryURL = "https://github.com/ml-explore/mlx-swift";
			requirement = {
				kind = upToNextMinorVersion;
				minimumVersion = 0.31.6;
			};
		};
/* End XCRemoteSwiftPackageReference section */

/* Begin XCSwiftPackageProductDependency section */
		000000000000000000002015 /* MLX */ = {
			isa = XCSwiftPackageProductDependency;
			package = 000000000000000000002014 /* XCRemoteSwiftPackageReference "mlx-swift" */;
			productName = MLX;
		};
		000000000000000000002016 /* MLXFast */ = {
			isa = XCSwiftPackageProductDependency;
			package = 000000000000000000002014 /* XCRemoteSwiftPackageReference "mlx-swift" */;
			productName = MLXFast;
		};
/* End XCSwiftPackageProductDependency section */

/* Begin XCBuildConfiguration section */
		00000000000000000000200A /* Debug */ = {
			isa = XCBuildConfiguration;
			buildSettings = {
				ALWAYS_SEARCH_USER_PATHS = NO;
				CLANG_ENABLE_OBJC_ARC = YES;
				COPY_PHASE_STRIP = NO;
				DEBUG_INFORMATION_FORMAT = dwarf;
				ENABLE_STRICT_OBJC_MSGSEND = YES;
				ENABLE_TESTABILITY = YES;
				GCC_OPTIMIZATION_LEVEL = 0;
				GCC_PREPROCESSOR_DEFINITIONS = (
					"DEBUG=1",
					"$(inherited)",
				);
				MACOSX_DEPLOYMENT_TARGET = 15.0;
				MTL_ENABLE_DEBUG_INFO = INCLUDE_SOURCE;
				ONLY_ACTIVE_ARCH = YES;
				SDKROOT = macosx;
				SWIFT_ACTIVE_COMPILATION_CONDITIONS = "DEBUG $(inherited)";
				SWIFT_OPTIMIZATION_LEVEL = "-Onone";
				SWIFT_VERSION = 6.0;
			};
			name = Debug;
		};
		00000000000000000000200B /* Release */ = {
			isa = XCBuildConfiguration;
			buildSettings = {
				ALWAYS_SEARCH_USER_PATHS = NO;
				CLANG_ENABLE_OBJC_ARC = YES;
				COPY_PHASE_STRIP = NO;
				DEBUG_INFORMATION_FORMAT = "dwarf-with-dsym";
				ENABLE_NS_ASSERTIONS = NO;
				ENABLE_STRICT_OBJC_MSGSEND = YES;
				MACOSX_DEPLOYMENT_TARGET = 15.0;
				MTL_ENABLE_DEBUG_INFO = NO;
				SDKROOT = macosx;
				SWIFT_COMPILATION_MODE = wholemodule;
				SWIFT_VERSION = 6.0;
			};
			name = Release;
		};
		00000000000000000000200C /* Debug */ = {
			isa = XCBuildConfiguration;
			buildSettings = {
				ASSETCATALOG_COMPILER_APPICON_NAME = AppIcon;
				ASSETCATALOG_COMPILER_GENERATE_SWIFT_ASSET_SYMBOL_EXTENSIONS = YES;
				ASSETCATALOG_COMPILER_GLOBAL_ACCENT_COLOR_NAME = AccentColor;
				CODE_SIGN_ENTITLEMENTS = "Huiver/Huiver.entitlements";
				CODE_SIGN_STYLE = Automatic;
				COMBINE_HIDPI_IMAGES = YES;
				CURRENT_PROJECT_VERSION = 1;
				DEVELOPMENT_TEAM = XZ9W2G972L;
				ENABLE_HARDENED_RUNTIME = YES;
				ENABLE_PREVIEWS = YES;
				GENERATE_INFOPLIST_FILE = YES;
				INFOPLIST_FILE = "Huiver-Info.plist";
				INFOPLIST_KEY_CFBundleDisplayName = "Narcisse";
				LD_RUNPATH_SEARCH_PATHS = (
					"$(inherited)",
					"@executable_path/../Frameworks",
				);
				MACOSX_DEPLOYMENT_TARGET = 15.0;
				MARKETING_VERSION = 0.1;
				PRODUCT_BUNDLE_IDENTIFIER = online.mo4.huiver.mac;
				PRODUCT_MODULE_NAME = Huiver;
				PRODUCT_NAME = Narcisse;
				SWIFT_EMIT_LOC_STRINGS = YES;
				SWIFT_VERSION = 6.0;
			};
			name = Debug;
		};
		00000000000000000000200D /* Release */ = {
			isa = XCBuildConfiguration;
			buildSettings = {
				ASSETCATALOG_COMPILER_APPICON_NAME = AppIcon;
				ASSETCATALOG_COMPILER_GENERATE_SWIFT_ASSET_SYMBOL_EXTENSIONS = YES;
				ASSETCATALOG_COMPILER_GLOBAL_ACCENT_COLOR_NAME = AccentColor;
				CODE_SIGN_ENTITLEMENTS = "Huiver/Huiver.entitlements";
				CODE_SIGN_STYLE = Automatic;
				COMBINE_HIDPI_IMAGES = YES;
				CURRENT_PROJECT_VERSION = 1;
				DEVELOPMENT_TEAM = XZ9W2G972L;
				ENABLE_HARDENED_RUNTIME = YES;
				ENABLE_PREVIEWS = YES;
				GENERATE_INFOPLIST_FILE = YES;
				INFOPLIST_FILE = "Huiver-Info.plist";
				INFOPLIST_KEY_CFBundleDisplayName = "Narcisse";
				LD_RUNPATH_SEARCH_PATHS = (
					"$(inherited)",
					"@executable_path/../Frameworks",
				);
				MACOSX_DEPLOYMENT_TARGET = 15.0;
				MARKETING_VERSION = 0.1;
				PRODUCT_BUNDLE_IDENTIFIER = online.mo4.huiver.mac;
				PRODUCT_MODULE_NAME = Huiver;
				PRODUCT_NAME = Narcisse;
				SWIFT_EMIT_LOC_STRINGS = YES;
				SWIFT_VERSION = 6.0;
			};
			name = Release;
		};
/* End XCBuildConfiguration section */

/* Begin XCConfigurationList section */
		000000000000000000002008 = {
			isa = XCConfigurationList;
			buildConfigurations = (
				00000000000000000000200A /* Debug */,
				00000000000000000000200B /* Release */,
			);
			defaultConfigurationIsVisible = 0;
			defaultConfigurationName = Release;
		};
		000000000000000000002009 = {
			isa = XCConfigurationList;
			buildConfigurations = (
				00000000000000000000200C /* Debug */,
				00000000000000000000200D /* Release */,
			);
			defaultConfigurationIsVisible = 0;
			defaultConfigurationName = Release;
		};
/* End XCConfigurationList section */
	};
	rootObject = 000000000000000000002000 /* Project object */;
}
